
Microsoft Visual Studio Solution File, Format Version 12.00
# Visual Studio Version 16
VisualStudioVersion = 16.0.30330.147
MinimumVisualStudioVersion = 10.0.40219.1
Project("{FAE04EC0-301F-11D3-BF4B-00C04F79EFBC}") = "CodeConnections", "CodeConnections\CodeConnections.csproj", "{D070D5A9-196E-40B6-B85B-B8E43A60DF51}"
EndProject
Project("{FAE04EC0-301F-11D3-BF4B-00C04F79EFBC}") = "CodeConnections.Tests", "CodeConnections.Tests\CodeConnections.Tests.csproj", "{5F23B68C-36A5-49F9-8294-16A9F45BE3A2}"
EndProject
Project("{2150E333-8FDC-42A3-9474-1A3956D46DE8}") = "Solution Items", "Solution Items", "{87A9009C-A645-41F1-8CF0-5C0A40787986}"
	ProjectSection(SolutionItems) = preProject
		.editorconfig = .editorconfig
	EndProjectSection
EndProject
Project("{D954291E-2A0B-460D-934E-DC6B0785DB48}") = "CodeConnections.Shared", "CodeConnections.Shared\CodeConnections.Shared.shproj", "{90C0AE13-BD00-4D55-9413-E48155B2B5AF}"
EndProject
Global
	GlobalSection(SharedMSBuildProjectFiles) = preSolution
		CodeConnections.Shared\CodeConnections.Shared.projitems*{90c0ae13-bd00-4d55-9413-e48155b2b5af}*SharedItemsImports = 13
	EndGlobalSection
	GlobalSection(SolutionConfigurationPlatforms) = preSolution
		Debug|Any CPU = Debug|Any CPU
		Release|Any CPU = Release|Any CPU
	EndGlobalSection
	GlobalSection(ProjectConfigurationPlatforms) = postSolution
		{D070D5A9-196E-40B6-B85B-B8E43A60DF51}.Debug|Any CPU.ActiveCfg = Debug|Any CPU
		{D070D5A9-196E-40B6-B85B-B8E43A60DF51}.Debug|Any CPU.Build.0 = Debug|Any CPU
		{D070D5A9-196E-40B6-B85B-B8E43A60DF51}.Release|Any CPU.ActiveCfg = Release|Any CPU
		{D070D5A9-196E-40B6-B85B-B8E43A60DF51}.Release|Any CPU.Build.0 = Release|Any CPU
		{5F23B68C-36A5-49F9-8294-16A9F45BE3A2}.Debug|Any CPU.ActiveCfg = Debug|Any CPU
		{5F23B68C-36A5-49F9-8294-16A9F45BE3A2}.Debug|Any CPU.Build.0 = Debug|Any CPU
		{5F23B68C-36A5-49F9-8294-16A9F45BE3A2}.Release|Any CPU.ActiveCfg = Release|Any CPU
		{5F23B68C-36A5-49F9-8294-16A9F45BE3A2}.Release|Any CPU.Build.0 = Release|Any CPU
	EndGlobalSection
	GlobalSection(SolutionProperties) = preSolution
		HideSolutionNode = FALSE
	EndGlobalSection
	GlobalSection(ExtensibilityGlobals) = postSolution
		SolutionGuid = {2012822F-D09F-4163-B77F-4732947B5B4B}
	EndGlobalSection
EndGlobal
