
Microsoft Visual Studio Solution File, Format Version 12.00
# Visual Studio Version 16
VisualStudioVersion = 16.0.30330.147
MinimumVisualStudioVersion = 10.0.40219.1
Project("{9A19103F-16F7-4668-BE54-9A1E7A4F7556}") = "SubjectSolution", "SubjectSolution\SubjectSolution.csproj", "{9AF62AA2-E090-4636-B24E-241089BEEFC4}"
EndProject
Project("{FAE04EC0-301F-11D3-BF4B-00C04F79EFBC}") = "SubjectSolution.Core", "SubjectSolution.Core\SubjectSolution.Core.csproj", "{511A9DF4-12F6-4755-9FF2-5ECD115583E1}"
EndProject
Global
	GlobalSection(SolutionConfigurationPlatforms) = preSolution
		Debug|Any CPU = Debug|Any CPU
		Release|Any CPU = Release|Any CPU
	EndGlobalSection
	GlobalSection(ProjectConfigurationPlatforms) = postSolution
		{9AF62AA2-E090-4636-B24E-241089BEEFC4}.Debug|Any CPU.ActiveCfg = Debug|Any CPU
		{9AF62AA2-E090-4636-B24E-241089BEEFC4}.Debug|Any CPU.Build.0 = Debug|Any CPU
		{9AF62AA2-E090-4636-B24E-241089BEEFC4}.Release|Any CPU.ActiveCfg = Release|Any CPU
		{9AF62AA2-E090-4636-B24E-241089BEEFC4}.Release|Any CPU.Build.0 = Release|Any CPU
		{511A9DF4-12F6-4755-9FF2-5ECD115583E1}.Debug|Any CPU.ActiveCfg = Debug|Any CPU
		{511A9DF4-12F6-4755-9FF2-5ECD115583E1}.Debug|Any CPU.Build.0 = Debug|Any CPU
		{511A9DF4-12F6-4755-9FF2-5ECD115583E1}.Release|Any CPU.ActiveCfg = Release|Any CPU
		{511A9DF4-12F6-4755-9FF2-5ECD115583E1}.Release|Any CPU.Build.0 = Release|Any CPU
	EndGlobalSection
	GlobalSection(SolutionProperties) = preSolution
		HideSolutionNode = FALSE
	EndGlobalSection
	GlobalSection(ExtensibilityGlobals) = postSolution
		SolutionGuid = {CA8BEDA5-15B3-4F48-A577-CB4F1401166F}
	EndGlobalSection
EndGlobal
